
Microsoft Visual Studio Solution File, Format Version 12.00
# Visual Studio Version 16
VisualStudioVersion = 16.0.31005.135
MinimumVisualStudioVersion = 10.0.40219.1
Project("{FAE04EC0-301F-11D3-BF4B-00C04F79EFBC}") = "WeedChart", "WeedChart.csproj", "{E68A5CCC-2FBE-4A1C-B019-48AC6E7DF6B5}"
EndProject
Global
	GlobalSection(SolutionConfigurationPlatforms) = preSolution
		Debug|Any CPU = Debug|Any CPU
		Release|Any CPU = Release|Any CPU
	EndGlobalSection
	GlobalSection(ProjectConfigurationPlatforms) = postSolution
		{E68A5CCC-2FBE-4A1C-B019-48AC6E7DF6B5}.Debug|Any CPU.ActiveCfg = Debug|Any CPU
		{E68A5CCC-2FBE-4A1C-B019-48AC6E7DF6B5}.Debug|Any CPU.Build.0 = Debug|Any CPU
		{E68A5CCC-2FBE-4A1C-B019-48AC6E7DF6B5}.Release|Any CPU.ActiveCfg = Release|Any CPU
		{E68A5CCC-2FBE-4A1C-B019-48AC6E7DF6B5}.Release|Any CPU.Build.0 = Release|Any CPU
	EndGlobalSection
	GlobalSection(SolutionProperties) = preSolution
		HideSolutionNode = FALSE
	EndGlobalSection
	GlobalSection(ExtensibilityGlobals) = postSolution
		SolutionGuid = {4EA75E6A-FB34-4886-B673-057EC086ACC2}
	EndGlobalSection
EndGlobal
